
Microsoft Visual Studio Solution File, Format Version 12.00
# Visual Studio Version 17
VisualStudioVersion = 17.9.34714.143
MinimumVisualStudioVersion = 10.0.40219.1
Project("{FAE04EC0-301F-11D3-BF4B-00C04F79EFBC}") = "BankingAppBackend", "BankingAppBackend.csproj", "{4D40E36A-7728-4680-BC12-00794DAFDB42}"
EndProject
Global
	GlobalSection(SolutionConfigurationPlatforms) = preSolution
		Debug|Any CPU = Debug|Any CPU
		Release|Any CPU = Release|Any CPU
	EndGlobalSection
	GlobalSection(ProjectConfigurationPlatforms) = postSolution
		{4D40E36A-7728-4680-BC12-00794DAFDB42}.Debug|Any CPU.ActiveCfg = Debug|Any CPU
		{4D40E36A-7728-4680-BC12-00794DAFDB42}.Debug|Any CPU.Build.0 = Debug|Any CPU
		{4D40E36A-7728-4680-BC12-00794DAFDB42}.Release|Any CPU.ActiveCfg = Release|Any CPU
		{4D40E36A-7728-4680-BC12-00794DAFDB42}.Release|Any CPU.Build.0 = Release|Any CPU
	EndGlobalSection
	GlobalSection(SolutionProperties) = preSolution
		HideSolutionNode = FALSE
	EndGlobalSection
	GlobalSection(ExtensibilityGlobals) = postSolution
		SolutionGuid = {05940629-FFAC-4030-BB3F-1B6228CB7936}
	EndGlobalSection
EndGlobal
